
Microsoft Visual Studio Solution File, Format Version 12.00
# Visual Studio Version 16
VisualStudioVersion = 16.0.31321.278
MinimumVisualStudioVersion = 10.0.40219.1
Project("{FAE04EC0-301F-11D3-BF4B-00C04F79EFBC}") = "Shutdown Timer", "Shutdown Timer.csproj", "{0D16536A-050D-4692-9F7D-E4CAF1154BDE}"
EndProject
Global
	GlobalSection(SolutionConfigurationPlatforms) = preSolution
		Debug|Any CPU = Debug|Any CPU
		Release|Any CPU = Release|Any CPU
	EndGlobalSection
	GlobalSection(ProjectConfigurationPlatforms) = postSolution
		{0D16536A-050D-4692-9F7D-E4CAF1154BDE}.Debug|Any CPU.ActiveCfg = Debug|Any CPU
		{0D16536A-050D-4692-9F7D-E4CAF1154BDE}.Debug|Any CPU.Build.0 = Debug|Any CPU
		{0D16536A-050D-4692-9F7D-E4CAF1154BDE}.Release|Any CPU.ActiveCfg = Release|Any CPU
		{0D16536A-050D-4692-9F7D-E4CAF1154BDE}.Release|Any CPU.Build.0 = Release|Any CPU
	EndGlobalSection
	GlobalSection(SolutionProperties) = preSolution
		HideSolutionNode = FALSE
	EndGlobalSection
	GlobalSection(ExtensibilityGlobals) = postSolution
		SolutionGuid = {7F4998DD-0B54-4F1C-8285-A71D410F1541}
	EndGlobalSection
EndGlobal
